github.com/Notr-Dev/notr-http v0.0.0-20240921090458-e4c47fc800cd h1:bF5x/SMUl/h+ff/z4HF3hCg2/NZHwC1Z+eHSLBj44hI=
github.com/Notr-Dev/notr-http v0.0.0-20240921090458-e4c47fc800cd/go.mod h1:WmlRbrLhQiouUHBKWMKIBAvx0U4BnZO50bbIYlcH+/g=
github.com/mattn/go-sqlite3 v1.14.23 h1:gbShiuAP1W5j9UOksQ06aiiqPMxYecovVGwmTxWtuw0=
github.com/mattn/go-sqlite3 v1.14.23/go.mod h1:Uh1q+B4BYcTPb+yiD3kU8Ct7aC0hY9fxUwlHK0RXw+Y=
